// !$*UTF8*$!
{
	archiveVersion = 1;
	classes = {
	};
	objectVersion = 48;
	objects = {

/* Begin PBXBuildFile section */
		1401E5F51FCC13BD00D83812 /* MyErrorDesc.cpp in Sources */ = {isa = PBXBuildFile; fileRef = 1401E5F31FCC13BC00D83812 /* MyErrorDesc.cpp */; };
		1401E5F61FCC13BD00D83812 /* MyErrorDesc.hpp in Headers */ = {isa = PBXBuildFile; fileRef = 1401E5F41FCC13BD00D83812 /* MyErrorDesc.hpp */; };
		1401E5F91FCCFC6600D83812 /* MyShader.cpp in Sources */ = {isa = PBXBuildFile; fileRef = 1401E5F71FCCFC6600D83812 /* MyShader.cpp */; };
		1401E5FA1FCCFC6600D83812 /* MyShader.hpp in Headers */ = {isa = PBXBuildFile; fileRef = 1401E5F81FCCFC6600D83812 /* MyShader.hpp */; };
		1401E5FD1FCD007D00D83812 /* OpenGL.framework in Frameworks */ = {isa = PBXBuildFile; fileRef = 1401E5FC1FCD007300D83812 /* OpenGL.framework */; };
		1401E6001FCD11EA00D83812 /* MyProgram.cpp in Sources */ = {isa = PBXBuildFile; fileRef = 1401E5FE1FCD11EA00D83812 /* MyProgram.cpp */; };
		1401E6011FCD11EA00D83812 /* MyProgram.hpp in Headers */ = {isa = PBXBuildFile; fileRef = 1401E5FF1FCD11EA00D83812 /* MyProgram.hpp */; };
		1403C3B820D8FD63000BD8E7 /* MyData.cpp in Sources */ = {isa = PBXBuildFile; fileRef = 1403C3B620D8FD63000BD8E7 /* MyData.cpp */; };
		1403C3B920D8FD63000BD8E7 /* MyData.hpp in Headers */ = {isa = PBXBuildFile; fileRef = 1403C3B720D8FD63000BD8E7 /* MyData.hpp */; };
		141A540D1FFB743C00D64180 /* MyModelGenerator.cpp in Sources */ = {isa = PBXBuildFile; fileRef = 141A540B1FFB743C00D64180 /* MyModelGenerator.cpp */; };
		141A540E1FFB743C00D64180 /* MyModelGenerator.hpp in Headers */ = {isa = PBXBuildFile; fileRef = 141A540C1FFB743C00D64180 /* MyModelGenerator.hpp */; };
		141A54191FFCE58C00D64180 /* MyLightActor.cpp in Sources */ = {isa = PBXBuildFile; fileRef = 141A54171FFCE58C00D64180 /* MyLightActor.cpp */; };
		141A541A1FFCE58C00D64180 /* MyLightActor.hpp in Headers */ = {isa = PBXBuildFile; fileRef = 141A54181FFCE58C00D64180 /* MyLightActor.hpp */; };
		143B02C020DCE83B006CDD08 /* MyMaterial.cpp in Sources */ = {isa = PBXBuildFile; fileRef = 143B02BE20DCE83B006CDD08 /* MyMaterial.cpp */; };
		143B02C120DCE83B006CDD08 /* MyMaterial.hpp in Headers */ = {isa = PBXBuildFile; fileRef = 143B02BF20DCE83B006CDD08 /* MyMaterial.hpp */; };
		143B02C420DCEB4D006CDD08 /* MyTexture.cpp in Sources */ = {isa = PBXBuildFile; fileRef = 143B02C220DCEB4D006CDD08 /* MyTexture.cpp */; };
		143B02C520DCEB4D006CDD08 /* MyTexture.hpp in Headers */ = {isa = PBXBuildFile; fileRef = 143B02C320DCEB4D006CDD08 /* MyTexture.hpp */; };
		144349011FCEBA61006DD6D2 /* MyBufferObject.cpp in Sources */ = {isa = PBXBuildFile; fileRef = 144348FF1FCEBA61006DD6D2 /* MyBufferObject.cpp */; };
		144349021FCEBA61006DD6D2 /* MyBufferObject.hpp in Headers */ = {isa = PBXBuildFile; fileRef = 144349001FCEBA61006DD6D2 /* MyBufferObject.hpp */; };
		144349051FD103CC006DD6D2 /* MyRenderer.cpp in Sources */ = {isa = PBXBuildFile; fileRef = 144349031FD103CC006DD6D2 /* MyRenderer.cpp */; };
		144349061FD103CC006DD6D2 /* MyRenderer.hpp in Headers */ = {isa = PBXBuildFile; fileRef = 144349041FD103CC006DD6D2 /* MyRenderer.hpp */; };
		1443490D1FD12BB3006DD6D2 /* MyObject.cpp in Sources */ = {isa = PBXBuildFile; fileRef = 1443490B1FD12BB3006DD6D2 /* MyObject.cpp */; };
		1443490E1FD12BB3006DD6D2 /* MyObject.hpp in Headers */ = {isa = PBXBuildFile; fileRef = 1443490C1FD12BB3006DD6D2 /* MyObject.hpp */; };
		144349191FD13B20006DD6D2 /* MyAutoreleasePool.cpp in Sources */ = {isa = PBXBuildFile; fileRef = 144349171FD13B20006DD6D2 /* MyAutoreleasePool.cpp */; };
		1443491A1FD13B20006DD6D2 /* MyAutoreleasePool.hpp in Headers */ = {isa = PBXBuildFile; fileRef = 144349181FD13B20006DD6D2 /* MyAutoreleasePool.hpp */; };
		144504B620440E8B00ED0319 /* MyCoordinate.inl in Sources */ = {isa = PBXBuildFile; fileRef = 144504B420440E8B00ED0319 /* MyCoordinate.inl */; };
		144504B720440E8B00ED0319 /* MyCoordinate.hpp in Headers */ = {isa = PBXBuildFile; fileRef = 144504B520440E8B00ED0319 /* MyCoordinate.hpp */; };
		1451AAD51FD8F1FB007D9335 /* MyShadingManager.cpp in Sources */ = {isa = PBXBuildFile; fileRef = 1451AAD31FD8F1FB007D9335 /* MyShadingManager.cpp */; };
		1451AAD61FD8F1FB007D9335 /* MyShadingManager.hpp in Headers */ = {isa = PBXBuildFile; fileRef = 1451AAD41FD8F1FB007D9335 /* MyShadingManager.hpp */; };
		146140A92004C119008D5247 /* MyMathMatrix.hpp in Headers */ = {isa = PBXBuildFile; fileRef = 146140A72004C119008D5247 /* MyMathMatrix.hpp */; };
		1464073920E4C14E008F17B5 /* MyFileManager.cpp in Sources */ = {isa = PBXBuildFile; fileRef = 1464073720E4C14E008F17B5 /* MyFileManager.cpp */; };
		1464073A20E4C14E008F17B5 /* MyFileManager.hpp in Headers */ = {isa = PBXBuildFile; fileRef = 1464073820E4C14E008F17B5 /* MyFileManager.hpp */; };
		1464073E20E4C50D008F17B5 /* MyArray.inl in Sources */ = {isa = PBXBuildFile; fileRef = 1464073C20E4C50D008F17B5 /* MyArray.inl */; };
		1464073F20E4C50D008F17B5 /* MyArray.hpp in Headers */ = {isa = PBXBuildFile; fileRef = 1464073D20E4C50D008F17B5 /* MyArray.hpp */; };
		1464074220E4E42C008F17B5 /* MyFileStream.cpp in Sources */ = {isa = PBXBuildFile; fileRef = 1464074020E4E42C008F17B5 /* MyFileStream.cpp */; };
		1464074320E4E42C008F17B5 /* MyFileStream.hpp in Headers */ = {isa = PBXBuildFile; fileRef = 1464074120E4E42C008F17B5 /* MyFileStream.hpp */; };
		146B9CDB204156BC007A4F59 /* MyTransformation.inl in Sources */ = {isa = PBXBuildFile; fileRef = 146B9CD9204156BC007A4F59 /* MyTransformation.inl */; };
		146B9CDC204156BC007A4F59 /* MyTransformation.hpp in Headers */ = {isa = PBXBuildFile; fileRef = 146B9CDA204156BC007A4F59 /* MyTransformation.hpp */; };
		146CE1DD204808F400DAF1E1 /* MyQuaternion.inl in Sources */ = {isa = PBXBuildFile; fileRef = 146CE1DB204808F400DAF1E1 /* MyQuaternion.inl */; };
		146CE1DE204808F400DAF1E1 /* MyQuaternion.hpp in Headers */ = {isa = PBXBuildFile; fileRef = 146CE1DC204808F400DAF1E1 /* MyQuaternion.hpp */; };
		148A10A2203FC128009895D7 /* MyMatrix.inl in Sources */ = {isa = PBXBuildFile; fileRef = 148A10A0203FC128009895D7 /* MyMatrix.inl */; };
		148A10A3203FC128009895D7 /* MyMatrix.hpp in Headers */ = {isa = PBXBuildFile; fileRef = 148A10A1203FC128009895D7 /* MyMatrix.hpp */; };
		148A10A8203FEC45009895D7 /* MyVector.hpp in Headers */ = {isa = PBXBuildFile; fileRef = 148A10A6203FEC45009895D7 /* MyVector.hpp */; };
		149E1F3E2043BA2700173503 /* MyVector.cpp in Sources */ = {isa = PBXBuildFile; fileRef = 149E1F3D2043BA2700173503 /* MyVector.cpp */; };
		149E1F402043BAF800173503 /* MyMatrix.cpp in Sources */ = {isa = PBXBuildFile; fileRef = 149E1F3F2043BAF800173503 /* MyMatrix.cpp */; };
		14AB95F41FDA78FF00CE8617 /* MyStringUtil.cpp in Sources */ = {isa = PBXBuildFile; fileRef = 14AB95F21FDA78FF00CE8617 /* MyStringUtil.cpp */; };
		14AB95F51FDA78FF00CE8617 /* MyStringUtil.hpp in Headers */ = {isa = PBXBuildFile; fileRef = 14AB95F31FDA78FF00CE8617 /* MyStringUtil.hpp */; };
		14B24D901FCEAC4800121A65 /* MyVertexArrayObject.cpp in Sources */ = {isa = PBXBuildFile; fileRef = 14B24D8E1FCEAC4800121A65 /* MyVertexArrayObject.cpp */; };
		14B24D911FCEAC4800121A65 /* MyVertexArrayObject.hpp in Headers */ = {isa = PBXBuildFile; fileRef = 14B24D8F1FCEAC4800121A65 /* MyVertexArrayObject.hpp */; };
		14B24D951FCEAD9900121A65 /* MyTemplate.hpp in Headers */ = {isa = PBXBuildFile; fileRef = 14B24D931FCEAD9900121A65 /* MyTemplate.hpp */; };
		14BBD65A1FDA5A3A00EFBF0D /* MyXMLDocument.cpp in Sources */ = {isa = PBXBuildFile; fileRef = 14BBD6581FDA5A3A00EFBF0D /* MyXMLDocument.cpp */; };
		14BBD65B1FDA5A3A00EFBF0D /* MyXMLDocument.hpp in Headers */ = {isa = PBXBuildFile; fileRef = 14BBD6591FDA5A3A00EFBF0D /* MyXMLDocument.hpp */; };
		14BBD65E1FDA655300EFBF0D /* MyXMLNode.cpp in Sources */ = {isa = PBXBuildFile; fileRef = 14BBD65C1FDA655300EFBF0D /* MyXMLNode.cpp */; };
		14BBD65F1FDA655300EFBF0D /* MyXMLNode.hpp in Headers */ = {isa = PBXBuildFile; fileRef = 14BBD65D1FDA655300EFBF0D /* MyXMLNode.hpp */; };
		14C4978020E20EEE00BA13C1 /* MyMemoryBlock.cpp in Sources */ = {isa = PBXBuildFile; fileRef = 14C4977E20E20EEE00BA13C1 /* MyMemoryBlock.cpp */; };
		14C4978120E20EEE00BA13C1 /* MyMemoryBlock.hpp in Headers */ = {isa = PBXBuildFile; fileRef = 14C4977F20E20EEE00BA13C1 /* MyMemoryBlock.hpp */; };
		14C4978420E2155800BA13C1 /* MyMemoryObject.cpp in Sources */ = {isa = PBXBuildFile; fileRef = 14C4978220E2155800BA13C1 /* MyMemoryObject.cpp */; };
		14C4978520E2155800BA13C1 /* MyMemoryObject.hpp in Headers */ = {isa = PBXBuildFile; fileRef = 14C4978320E2155800BA13C1 /* MyMemoryObject.hpp */; };
		14C4978820E32AB800BA13C1 /* MyMemoryManager.cpp in Sources */ = {isa = PBXBuildFile; fileRef = 14C4978620E32AB800BA13C1 /* MyMemoryManager.cpp */; };
		14C4978920E32AB800BA13C1 /* MyMemoryManager.hpp in Headers */ = {isa = PBXBuildFile; fileRef = 14C4978720E32AB800BA13C1 /* MyMemoryManager.hpp */; };
		14E4A66A1FF0A8920090973F /* MyScenario.cpp in Sources */ = {isa = PBXBuildFile; fileRef = 14E4A6681FF0A8920090973F /* MyScenario.cpp */; };
		14E4A66B1FF0A8920090973F /* MyScenario.hpp in Headers */ = {isa = PBXBuildFile; fileRef = 14E4A6691FF0A8920090973F /* MyScenario.hpp */; };
		14E4A66F1FF0D4CB0090973F /* MyTransformComponent.hpp in Headers */ = {isa = PBXBuildFile; fileRef = 14E4A66D1FF0D4CB0090973F /* MyTransformComponent.hpp */; };
		14E4A6731FF0F9D20090973F /* MyVertexAttribute.cpp in Sources */ = {isa = PBXBuildFile; fileRef = 14E4A6711FF0F9D20090973F /* MyVertexAttribute.cpp */; };
		14E4A6741FF0F9D20090973F /* MyVertexAttribute.hpp in Headers */ = {isa = PBXBuildFile; fileRef = 14E4A6721FF0F9D20090973F /* MyVertexAttribute.hpp */; };
		14E4A6771FF3503D0090973F /* MyVertexAttributeManager.cpp in Sources */ = {isa = PBXBuildFile; fileRef = 14E4A6751FF3503D0090973F /* MyVertexAttributeManager.cpp */; };
		14E4A6781FF3503D0090973F /* MyVertexAttributeManager.hpp in Headers */ = {isa = PBXBuildFile; fileRef = 14E4A6761FF3503D0090973F /* MyVertexAttributeManager.hpp */; };
		14E6D0A41FDE6F4F00999ED6 /* MyActor.cpp in Sources */ = {isa = PBXBuildFile; fileRef = 14E6D0A21FDE6F4F00999ED6 /* MyActor.cpp */; };
		14E6D0A51FDE6F4F00999ED6 /* MyActor.hpp in Headers */ = {isa = PBXBuildFile; fileRef = 14E6D0A31FDE6F4F00999ED6 /* MyActor.hpp */; };
		14E6D0AD1FDE7E4400999ED6 /* MyActorComponent.cpp in Sources */ = {isa = PBXBuildFile; fileRef = 14E6D0AB1FDE7E4400999ED6 /* MyActorComponent.cpp */; };
		14E6D0AE1FDE7E4400999ED6 /* MyActorComponent.hpp in Headers */ = {isa = PBXBuildFile; fileRef = 14E6D0AC1FDE7E4400999ED6 /* MyActorComponent.hpp */; };
		14E6D0B11FDE854100999ED6 /* MyMaterialComponent.cpp in Sources */ = {isa = PBXBuildFile; fileRef = 14E6D0AF1FDE854100999ED6 /* MyMaterialComponent.cpp */; };
		14E6D0B21FDE854100999ED6 /* MyMaterialComponent.hpp in Headers */ = {isa = PBXBuildFile; fileRef = 14E6D0B01FDE854100999ED6 /* MyMaterialComponent.hpp */; };
		14E6D0B51FDE894500999ED6 /* MyLightComponent.cpp in Sources */ = {isa = PBXBuildFile; fileRef = 14E6D0B31FDE894500999ED6 /* MyLightComponent.cpp */; };
		14E6D0B61FDE894500999ED6 /* MyLightComponent.hpp in Headers */ = {isa = PBXBuildFile; fileRef = 14E6D0B41FDE894500999ED6 /* MyLightComponent.hpp */; };
		14E6D0B91FDE8AA900999ED6 /* MyPointLightComponent.cpp in Sources */ = {isa = PBXBuildFile; fileRef = 14E6D0B71FDE8AA900999ED6 /* MyPointLightComponent.cpp */; };
		14E6D0BA1FDE8AA900999ED6 /* MyPointLightComponent.hpp in Headers */ = {isa = PBXBuildFile; fileRef = 14E6D0B81FDE8AA900999ED6 /* MyPointLightComponent.hpp */; };
		14EBA11A1FDF8021007972D0 /* MyDirectionalLightComponent.cpp in Sources */ = {isa = PBXBuildFile; fileRef = 14EBA1181FDF8021007972D0 /* MyDirectionalLightComponent.cpp */; };
		14EBA11B1FDF8021007972D0 /* MyDirectionalLightComponent.hpp in Headers */ = {isa = PBXBuildFile; fileRef = 14EBA1191FDF8021007972D0 /* MyDirectionalLightComponent.hpp */; };
		14EBA11E1FDF816C007972D0 /* MySpotLightComponent.cpp in Sources */ = {isa = PBXBuildFile; fileRef = 14EBA11C1FDF816C007972D0 /* MySpotLightComponent.cpp */; };
		14EBA11F1FDF816C007972D0 /* MySpotLightComponent.hpp in Headers */ = {isa = PBXBuildFile; fileRef = 14EBA11D1FDF816C007972D0 /* MySpotLightComponent.hpp */; };
		14EBA1231FDF82A7007972D0 /* MyMathUtil.cpp in Sources */ = {isa = PBXBuildFile; fileRef = 14EBA1211FDF82A7007972D0 /* MyMathUtil.cpp */; };
		14EBA1241FDF82A7007972D0 /* MyMathUtil.hpp in Headers */ = {isa = PBXBuildFile; fileRef = 14EBA1221FDF82A7007972D0 /* MyMathUtil.hpp */; };
		14EBA1271FDFAAA6007972D0 /* MyPointLight.cpp in Sources */ = {isa = PBXBuildFile; fileRef = 14EBA1251FDFAAA6007972D0 /* MyPointLight.cpp */; };
		14EBA1281FDFAAA6007972D0 /* MyPointLight.hpp in Headers */ = {isa = PBXBuildFile; fileRef = 14EBA1261FDFAAA6007972D0 /* MyPointLight.hpp */; };
		14EBA12B1FDFAFD7007972D0 /* MyDirectionalLight.cpp in Sources */ = {isa = PBXBuildFile; fileRef = 14EBA1291FDFAFD7007972D0 /* MyDirectionalLight.cpp */; };
		14EBA12C1FDFAFD7007972D0 /* MyDirectionalLight.hpp in Headers */ = {isa = PBXBuildFile; fileRef = 14EBA12A1FDFAFD7007972D0 /* MyDirectionalLight.hpp */; };
		14EBA12F1FDFB170007972D0 /* MySpotLight.cpp in Sources */ = {isa = PBXBuildFile; fileRef = 14EBA12D1FDFB170007972D0 /* MySpotLight.cpp */; };
		14EBA1301FDFB170007972D0 /* MySpotLight.hpp in Headers */ = {isa = PBXBuildFile; fileRef = 14EBA12E1FDFB170007972D0 /* MySpotLight.hpp */; };
		14EBA1331FDFB7CC007972D0 /* MyModelComponent.cpp in Sources */ = {isa = PBXBuildFile; fileRef = 14EBA1311FDFB7CC007972D0 /* MyModelComponent.cpp */; };
		14EBA1341FDFB7CC007972D0 /* MyModelComponent.hpp in Headers */ = {isa = PBXBuildFile; fileRef = 14EBA1321FDFB7CC007972D0 /* MyModelComponent.hpp */; };
		14ED9B7920451EDE008091F9 /* MyPlane.inl in Sources */ = {isa = PBXBuildFile; fileRef = 14ED9B7720451EDE008091F9 /* MyPlane.inl */; };
		14ED9B7A20451EDE008091F9 /* MyPlane.hpp in Headers */ = {isa = PBXBuildFile; fileRef = 14ED9B7820451EDE008091F9 /* MyPlane.hpp */; };
		14ED9B7C20455FB3008091F9 /* MyTransformComponent.cpp in Sources */ = {isa = PBXBuildFile; fileRef = 14ED9B7B20455FB3008091F9 /* MyTransformComponent.cpp */; };
		14EF00781FD69FD70048F4D5 /* MyDirector.cpp in Sources */ = {isa = PBXBuildFile; fileRef = 14EF00761FD69FD70048F4D5 /* MyDirector.cpp */; };
		14EF00791FD69FD70048F4D5 /* MyDirector.hpp in Headers */ = {isa = PBXBuildFile; fileRef = 14EF00771FD69FD70048F4D5 /* MyDirector.hpp */; };
		14F9EFC91FD79B9D00EAF6E1 /* Mine.hpp in Headers */ = {isa = PBXBuildFile; fileRef = 14F9EFC81FD79B7E00EAF6E1 /* Mine.hpp */; };
		25A889841FDD12E10078F455 /* MyTimerManager.cpp in Sources */ = {isa = PBXBuildFile; fileRef = 25A889821FDD12E10078F455 /* MyTimerManager.cpp */; };
		25A889851FDD12E10078F455 /* MyTimerManager.hpp in Headers */ = {isa = PBXBuildFile; fileRef = 25A889831FDD12E10078F455 /* MyTimerManager.hpp */; };
/* End PBXBuildFile section */

/* Begin PBXFileReference section */
		1401E5E01FCC0AE500D83812 /* libMine.a */ = {isa = PBXFileReference; explicitFileType = archive.ar; includeInIndex = 0; path = libMine.a; sourceTree = BUILT_PRODUCTS_DIR; };
		1401E5F21FCC0F0600D83812 /* MyPrecompiled.hpp */ = {isa = PBXFileReference; lastKnownFileType = sourcecode.cpp.h; path = MyPrecompiled.hpp; sourceTree = "<group>"; };
		1401E5F31FCC13BC00D83812 /* MyErrorDesc.cpp */ = {isa = PBXFileReference; lastKnownFileType = sourcecode.cpp.cpp; path = MyErrorDesc.cpp; sourceTree = "<group>"; };
		1401E5F41FCC13BD00D83812 /* MyErrorDesc.hpp */ = {isa = PBXFileReference; lastKnownFileType = sourcecode.cpp.h; path = MyErrorDesc.hpp; sourceTree = "<group>"; };
		1401E5F71FCCFC6600D83812 /* MyShader.cpp */ = {isa = PBXFileReference; lastKnownFileType = sourcecode.cpp.cpp; path = MyShader.cpp; sourceTree = "<group>"; };
		1401E5F81FCCFC6600D83812 /* MyShader.hpp */ = {isa = PBXFileReference; lastKnownFileType = sourcecode.cpp.h; path = MyShader.hpp; sourceTree = "<group>"; };
		1401E5FC1FCD007300D83812 /* OpenGL.framework */ = {isa = PBXFileReference; lastKnownFileType = wrapper.framework; name = OpenGL.framework; path = System/Library/Frameworks/OpenGL.framework; sourceTree = SDKROOT; };
		1401E5FE1FCD11EA00D83812 /* MyProgram.cpp */ = {isa = PBXFileReference; lastKnownFileType = sourcecode.cpp.cpp; path = MyProgram.cpp; sourceTree = "<group>"; };
		1401E5FF1FCD11EA00D83812 /* MyProgram.hpp */ = {isa = PBXFileReference; lastKnownFileType = sourcecode.cpp.h; path = MyProgram.hpp; sourceTree = "<group>"; };
		1403C3B620D8FD63000BD8E7 /* MyData.cpp */ = {isa = PBXFileReference; lastKnownFileType = sourcecode.cpp.cpp; path = MyData.cpp; sourceTree = "<group>"; };
		1403C3B720D8FD63000BD8E7 /* MyData.hpp */ = {isa = PBXFileReference; lastKnownFileType = sourcecode.cpp.h; path = MyData.hpp; sourceTree = "<group>"; };
		141A540B1FFB743C00D64180 /* MyModelGenerator.cpp */ = {isa = PBXFileReference; lastKnownFileType = sourcecode.cpp.cpp; path = MyModelGenerator.cpp; sourceTree = "<group>"; };
		141A540C1FFB743C00D64180 /* MyModelGenerator.hpp */ = {isa = PBXFileReference; lastKnownFileType = sourcecode.cpp.h; path = MyModelGenerator.hpp; sourceTree = "<group>"; };
		141A54171FFCE58C00D64180 /* MyLightActor.cpp */ = {isa = PBXFileReference; lastKnownFileType = sourcecode.cpp.cpp; path = MyLightActor.cpp; sourceTree = "<group>"; };
		141A54181FFCE58C00D64180 /* MyLightActor.hpp */ = {isa = PBXFileReference; lastKnownFileType = sourcecode.cpp.h; path = MyLightActor.hpp; sourceTree = "<group>"; };
		143B02BE20DCE83B006CDD08 /* MyMaterial.cpp */ = {isa = PBXFileReference; lastKnownFileType = sourcecode.cpp.cpp; path = MyMaterial.cpp; sourceTree = "<group>"; };
		143B02BF20DCE83B006CDD08 /* MyMaterial.hpp */ = {isa = PBXFileReference; lastKnownFileType = sourcecode.cpp.h; path = MyMaterial.hpp; sourceTree = "<group>"; };
		143B02C220DCEB4D006CDD08 /* MyTexture.cpp */ = {isa = PBXFileReference; lastKnownFileType = sourcecode.cpp.cpp; path = MyTexture.cpp; sourceTree = "<group>"; };
		143B02C320DCEB4D006CDD08 /* MyTexture.hpp */ = {isa = PBXFileReference; lastKnownFileType = sourcecode.cpp.h; path = MyTexture.hpp; sourceTree = "<group>"; };
		144348FF1FCEBA61006DD6D2 /* MyBufferObject.cpp */ = {isa = PBXFileReference; lastKnownFileType = sourcecode.cpp.cpp; path = MyBufferObject.cpp; sourceTree = "<group>"; };
		144349001FCEBA61006DD6D2 /* MyBufferObject.hpp */ = {isa = PBXFileReference; lastKnownFileType = sourcecode.cpp.h; path = MyBufferObject.hpp; sourceTree = "<group>"; };
		144349031FD103CC006DD6D2 /* MyRenderer.cpp */ = {isa = PBXFileReference; lastKnownFileType = sourcecode.cpp.cpp; path = MyRenderer.cpp; sourceTree = "<group>"; };
		144349041FD103CC006DD6D2 /* MyRenderer.hpp */ = {isa = PBXFileReference; lastKnownFileType = sourcecode.cpp.h; path = MyRenderer.hpp; sourceTree = "<group>"; };
		1443490B1FD12BB3006DD6D2 /* MyObject.cpp */ = {isa = PBXFileReference; lastKnownFileType = sourcecode.cpp.cpp; path = MyObject.cpp; sourceTree = "<group>"; };
		1443490C1FD12BB3006DD6D2 /* MyObject.hpp */ = {isa = PBXFileReference; lastKnownFileType = sourcecode.cpp.h; path = MyObject.hpp; sourceTree = "<group>"; };
		144349171FD13B20006DD6D2 /* MyAutoreleasePool.cpp */ = {isa = PBXFileReference; lastKnownFileType = sourcecode.cpp.cpp; path = MyAutoreleasePool.cpp; sourceTree = "<group>"; };
		144349181FD13B20006DD6D2 /* MyAutoreleasePool.hpp */ = {isa = PBXFileReference; lastKnownFileType = sourcecode.cpp.h; path = MyAutoreleasePool.hpp; sourceTree = "<group>"; };
		144504B420440E8B00ED0319 /* MyCoordinate.inl */ = {isa = PBXFileReference; lastKnownFileType = text; path = MyCoordinate.inl; sourceTree = "<group>"; };
		144504B520440E8B00ED0319 /* MyCoordinate.hpp */ = {isa = PBXFileReference; lastKnownFileType = sourcecode.cpp.h; path = MyCoordinate.hpp; sourceTree = "<group>"; };
		1451AAD31FD8F1FB007D9335 /* MyShadingManager.cpp */ = {isa = PBXFileReference; lastKnownFileType = sourcecode.cpp.cpp; path = MyShadingManager.cpp; sourceTree = "<group>"; };
		1451AAD41FD8F1FB007D9335 /* MyShadingManager.hpp */ = {isa = PBXFileReference; lastKnownFileType = sourcecode.cpp.h; path = MyShadingManager.hpp; sourceTree = "<group>"; };
		146140A72004C119008D5247 /* MyMathMatrix.hpp */ = {isa = PBXFileReference; lastKnownFileType = sourcecode.cpp.h; path = MyMathMatrix.hpp; sourceTree = "<group>"; };
		1464073720E4C14E008F17B5 /* MyFileManager.cpp */ = {isa = PBXFileReference; lastKnownFileType = sourcecode.cpp.cpp; path = MyFileManager.cpp; sourceTree = "<group>"; };
		1464073820E4C14E008F17B5 /* MyFileManager.hpp */ = {isa = PBXFileReference; lastKnownFileType = sourcecode.cpp.h; path = MyFileManager.hpp; sourceTree = "<group>"; };
		1464073C20E4C50D008F17B5 /* MyArray.inl */ = {isa = PBXFileReference; lastKnownFileType = text; path = MyArray.inl; sourceTree = "<group>"; };
		1464073D20E4C50D008F17B5 /* MyArray.hpp */ = {isa = PBXFileReference; lastKnownFileType = sourcecode.cpp.h; path = MyArray.hpp; sourceTree = "<group>"; };
		1464074020E4E42C008F17B5 /* MyFileStream.cpp */ = {isa = PBXFileReference; lastKnownFileType = sourcecode.cpp.cpp; path = MyFileStream.cpp; sourceTree = "<group>"; };
		1464074120E4E42C008F17B5 /* MyFileStream.hpp */ = {isa = PBXFileReference; lastKnownFileType = sourcecode.cpp.h; path = MyFileStream.hpp; sourceTree = "<group>"; };
		146B9CD9204156BC007A4F59 /* MyTransformation.inl */ = {isa = PBXFileReference; lastKnownFileType = text; path = MyTransformation.inl; sourceTree = "<group>"; };
		146B9CDA204156BC007A4F59 /* MyTransformation.hpp */ = {isa = PBXFileReference; lastKnownFileType = sourcecode.cpp.h; path = MyTransformation.hpp; sourceTree = "<group>"; };
		146CE1DB204808F400DAF1E1 /* MyQuaternion.inl */ = {isa = PBXFileReference; lastKnownFileType = text; path = MyQuaternion.inl; sourceTree = "<group>"; };
		146CE1DC204808F400DAF1E1 /* MyQuaternion.hpp */ = {isa = PBXFileReference; lastKnownFileType = sourcecode.cpp.h; path = MyQuaternion.hpp; sourceTree = "<group>"; };
		147F2B002006061300FD02EB /* MyMathMatrix.inl */ = {isa = PBXFileReference; lastKnownFileType = text; path = MyMathMatrix.inl; sourceTree = "<group>"; };
		148A10A0203FC128009895D7 /* MyMatrix.inl */ = {isa = PBXFileReference; lastKnownFileType = text; path = MyMatrix.inl; sourceTree = "<group>"; };
		148A10A1203FC128009895D7 /* MyMatrix.hpp */ = {isa = PBXFileReference; lastKnownFileType = sourcecode.cpp.h; path = MyMatrix.hpp; sourceTree = "<group>"; };
		148A10A6203FEC45009895D7 /* MyVector.hpp */ = {isa = PBXFileReference; lastKnownFileType = sourcecode.cpp.h; path = MyVector.hpp; sourceTree = "<group>"; };
		148A10A9203FF956009895D7 /* MyVector.inl */ = {isa = PBXFileReference; lastKnownFileType = text; path = MyVector.inl; sourceTree = "<group>"; };
		149E1F3D2043BA2700173503 /* MyVector.cpp */ = {isa = PBXFileReference; lastKnownFileType = sourcecode.cpp.cpp; path = MyVector.cpp; sourceTree = "<group>"; };
		149E1F3F2043BAF800173503 /* MyMatrix.cpp */ = {isa = PBXFileReference; lastKnownFileType = sourcecode.cpp.cpp; path = MyMatrix.cpp; sourceTree = "<group>"; };
		14AB95F21FDA78FF00CE8617 /* MyStringUtil.cpp */ = {isa = PBXFileReference; lastKnownFileType = sourcecode.cpp.cpp; path = MyStringUtil.cpp; sourceTree = "<group>"; };
		14AB95F31FDA78FF00CE8617 /* MyStringUtil.hpp */ = {isa = PBXFileReference; lastKnownFileType = sourcecode.cpp.h; path = MyStringUtil.hpp; sourceTree = "<group>"; };
		14B24D8E1FCEAC4800121A65 /* MyVertexArrayObject.cpp */ = {isa = PBXFileReference; lastKnownFileType = sourcecode.cpp.cpp; path = MyVertexArrayObject.cpp; sourceTree = "<group>"; };
		14B24D8F1FCEAC4800121A65 /* MyVertexArrayObject.hpp */ = {isa = PBXFileReference; lastKnownFileType = sourcecode.cpp.h; path = MyVertexArrayObject.hpp; sourceTree = "<group>"; };
		14B24D931FCEAD9900121A65 /* MyTemplate.hpp */ = {isa = PBXFileReference; lastKnownFileType = sourcecode.cpp.h; path = MyTemplate.hpp; sourceTree = "<group>"; };
		14BBD6581FDA5A3A00EFBF0D /* MyXMLDocument.cpp */ = {isa = PBXFileReference; lastKnownFileType = sourcecode.cpp.cpp; path = MyXMLDocument.cpp; sourceTree = "<group>"; };
		14BBD6591FDA5A3A00EFBF0D /* MyXMLDocument.hpp */ = {isa = PBXFileReference; lastKnownFileType = sourcecode.cpp.h; path = MyXMLDocument.hpp; sourceTree = "<group>"; };
		14BBD65C1FDA655300EFBF0D /* MyXMLNode.cpp */ = {isa = PBXFileReference; lastKnownFileType = sourcecode.cpp.cpp; path = MyXMLNode.cpp; sourceTree = "<group>"; };
		14BBD65D1FDA655300EFBF0D /* MyXMLNode.hpp */ = {isa = PBXFileReference; lastKnownFileType = sourcecode.cpp.h; path = MyXMLNode.hpp; sourceTree = "<group>"; };
		14C4977E20E20EEE00BA13C1 /* MyMemoryBlock.cpp */ = {isa = PBXFileReference; lastKnownFileType = sourcecode.cpp.cpp; path = MyMemoryBlock.cpp; sourceTree = "<group>"; };
		14C4977F20E20EEE00BA13C1 /* MyMemoryBlock.hpp */ = {isa = PBXFileReference; lastKnownFileType = sourcecode.cpp.h; path = MyMemoryBlock.hpp; sourceTree = "<group>"; };
		14C4978220E2155800BA13C1 /* MyMemoryObject.cpp */ = {isa = PBXFileReference; lastKnownFileType = sourcecode.cpp.cpp; path = MyMemoryObject.cpp; sourceTree = "<group>"; };
		14C4978320E2155800BA13C1 /* MyMemoryObject.hpp */ = {isa = PBXFileReference; lastKnownFileType = sourcecode.cpp.h; path = MyMemoryObject.hpp; sourceTree = "<group>"; };
		14C4978620E32AB800BA13C1 /* MyMemoryManager.cpp */ = {isa = PBXFileReference; lastKnownFileType = sourcecode.cpp.cpp; path = MyMemoryManager.cpp; sourceTree = "<group>"; };
		14C4978720E32AB800BA13C1 /* MyMemoryManager.hpp */ = {isa = PBXFileReference; lastKnownFileType = sourcecode.cpp.h; path = MyMemoryManager.hpp; sourceTree = "<group>"; };
		14E4A6681FF0A8920090973F /* MyScenario.cpp */ = {isa = PBXFileReference; lastKnownFileType = sourcecode.cpp.cpp; path = MyScenario.cpp; sourceTree = "<group>"; };
		14E4A6691FF0A8920090973F /* MyScenario.hpp */ = {isa = PBXFileReference; lastKnownFileType = sourcecode.cpp.h; path = MyScenario.hpp; sourceTree = "<group>"; };
		14E4A66D1FF0D4CB0090973F /* MyTransformComponent.hpp */ = {isa = PBXFileReference; lastKnownFileType = sourcecode.cpp.h; path = MyTransformComponent.hpp; sourceTree = "<group>"; };
		14E4A6711FF0F9D20090973F /* MyVertexAttribute.cpp */ = {isa = PBXFileReference; lastKnownFileType = sourcecode.cpp.cpp; path = MyVertexAttribute.cpp; sourceTree = "<group>"; };
		14E4A6721FF0F9D20090973F /* MyVertexAttribute.hpp */ = {isa = PBXFileReference; lastKnownFileType = sourcecode.cpp.h; path = MyVertexAttribute.hpp; sourceTree = "<group>"; };
		14E4A6751FF3503D0090973F /* MyVertexAttributeManager.cpp */ = {isa = PBXFileReference; lastKnownFileType = sourcecode.cpp.cpp; path = MyVertexAttributeManager.cpp; sourceTree = "<group>"; };
		14E4A6761FF3503D0090973F /* MyVertexAttributeManager.hpp */ = {isa = PBXFileReference; lastKnownFileType = sourcecode.cpp.h; path = MyVertexAttributeManager.hpp; sourceTree = "<group>"; };
		14E6D0A21FDE6F4F00999ED6 /* MyActor.cpp */ = {isa = PBXFileReference; lastKnownFileType = sourcecode.cpp.cpp; path = MyActor.cpp; sourceTree = "<group>"; };
		14E6D0A31FDE6F4F00999ED6 /* MyActor.hpp */ = {isa = PBXFileReference; lastKnownFileType = sourcecode.cpp.h; path = MyActor.hpp; sourceTree = "<group>"; };
		14E6D0AB1FDE7E4400999ED6 /* MyActorComponent.cpp */ = {isa = PBXFileReference; lastKnownFileType = sourcecode.cpp.cpp; path = MyActorComponent.cpp; sourceTree = "<group>"; };
		14E6D0AC1FDE7E4400999ED6 /* MyActorComponent.hpp */ = {isa = PBXFileReference; lastKnownFileType = sourcecode.cpp.h; path = MyActorComponent.hpp; sourceTree = "<group>"; };
		14E6D0AF1FDE854100999ED6 /* MyMaterialComponent.cpp */ = {isa = PBXFileReference; lastKnownFileType = sourcecode.cpp.cpp; path = MyMaterialComponent.cpp; sourceTree = "<group>"; };
		14E6D0B01FDE854100999ED6 /* MyMaterialComponent.hpp */ = {isa = PBXFileReference; lastKnownFileType = sourcecode.cpp.h; path = MyMaterialComponent.hpp; sourceTree = "<group>"; };
		14E6D0B31FDE894500999ED6 /* MyLightComponent.cpp */ = {isa = PBXFileReference; lastKnownFileType = sourcecode.cpp.cpp; path = MyLightComponent.cpp; sourceTree = "<group>"; };
		14E6D0B41FDE894500999ED6 /* MyLightComponent.hpp */ = {isa = PBXFileReference; lastKnownFileType = sourcecode.cpp.h; path = MyLightComponent.hpp; sourceTree = "<group>"; };
		14E6D0B71FDE8AA900999ED6 /* MyPointLightComponent.cpp */ = {isa = PBXFileReference; lastKnownFileType = sourcecode.cpp.cpp; path = MyPointLightComponent.cpp; sourceTree = "<group>"; };
		14E6D0B81FDE8AA900999ED6 /* MyPointLightComponent.hpp */ = {isa = PBXFileReference; lastKnownFileType = sourcecode.cpp.h; path = MyPointLightComponent.hpp; sourceTree = "<group>"; };
		14EBA1181FDF8021007972D0 /* MyDirectionalLightComponent.cpp */ = {isa = PBXFileReference; lastKnownFileType = sourcecode.cpp.cpp; path = MyDirectionalLightComponent.cpp; sourceTree = "<group>"; };
		14EBA1191FDF8021007972D0 /* MyDirectionalLightComponent.hpp */ = {isa = PBXFileReference; lastKnownFileType = sourcecode.cpp.h; path = MyDirectionalLightComponent.hpp; sourceTree = "<group>"; };
		14EBA11C1FDF816C007972D0 /* MySpotLightComponent.cpp */ = {isa = PBXFileReference; lastKnownFileType = sourcecode.cpp.cpp; path = MySpotLightComponent.cpp; sourceTree = "<group>"; };
		14EBA11D1FDF816C007972D0 /* MySpotLightComponent.hpp */ = {isa = PBXFileReference; lastKnownFileType = sourcecode.cpp.h; path = MySpotLightComponent.hpp; sourceTree = "<group>"; };
		14EBA1211FDF82A7007972D0 /* MyMathUtil.cpp */ = {isa = PBXFileReference; lastKnownFileType = sourcecode.cpp.cpp; path = MyMathUtil.cpp; sourceTree = "<group>"; };
		14EBA1221FDF82A7007972D0 /* MyMathUtil.hpp */ = {isa = PBXFileReference; lastKnownFileType = sourcecode.cpp.h; path = MyMathUtil.hpp; sourceTree = "<group>"; };
		14EBA1251FDFAAA6007972D0 /* MyPointLight.cpp */ = {isa = PBXFileReference; lastKnownFileType = sourcecode.cpp.cpp; path = MyPointLight.cpp; sourceTree = "<group>"; };
		14EBA1261FDFAAA6007972D0 /* MyPointLight.hpp */ = {isa = PBXFileReference; lastKnownFileType = sourcecode.cpp.h; path = MyPointLight.hpp; sourceTree = "<group>"; };
		14EBA1291FDFAFD7007972D0 /* MyDirectionalLight.cpp */ = {isa = PBXFileReference; lastKnownFileType = sourcecode.cpp.cpp; path = MyDirectionalLight.cpp; sourceTree = "<group>"; };
		14EBA12A1FDFAFD7007972D0 /* MyDirectionalLight.hpp */ = {isa = PBXFileReference; lastKnownFileType = sourcecode.cpp.h; path = MyDirectionalLight.hpp; sourceTree = "<group>"; };
		14EBA12D1FDFB170007972D0 /* MySpotLight.cpp */ = {isa = PBXFileReference; lastKnownFileType = sourcecode.cpp.cpp; path = MySpotLight.cpp; sourceTree = "<group>"; };
		14EBA12E1FDFB170007972D0 /* MySpotLight.hpp */ = {isa = PBXFileReference; lastKnownFileType = sourcecode.cpp.h; path = MySpotLight.hpp; sourceTree = "<group>"; };
		14EBA1311FDFB7CC007972D0 /* MyModelComponent.cpp */ = {isa = PBXFileReference; lastKnownFileType = sourcecode.cpp.cpp; path = MyModelComponent.cpp; sourceTree = "<group>"; };
		14EBA1321FDFB7CC007972D0 /* MyModelComponent.hpp */ = {isa = PBXFileReference; lastKnownFileType = sourcecode.cpp.h; path = MyModelComponent.hpp; sourceTree = "<group>"; };
		14ED9B7720451EDE008091F9 /* MyPlane.inl */ = {isa = PBXFileReference; lastKnownFileType = text; path = MyPlane.inl; sourceTree = "<group>"; };
		14ED9B7820451EDE008091F9 /* MyPlane.hpp */ = {isa = PBXFileReference; lastKnownFileType = sourcecode.cpp.h; path = MyPlane.hpp; sourceTree = "<group>"; };
		14ED9B7B20455FB3008091F9 /* MyTransformComponent.cpp */ = {isa = PBXFileReference; lastKnownFileType = sourcecode.cpp.cpp; path = MyTransformComponent.cpp; sourceTree = "<group>"; };
		14EF00761FD69FD70048F4D5 /* MyDirector.cpp */ = {isa = PBXFileReference; lastKnownFileType = sourcecode.cpp.cpp; path = MyDirector.cpp; sourceTree = "<group>"; };
		14EF00771FD69FD70048F4D5 /* MyDirector.hpp */ = {isa = PBXFileReference; lastKnownFileType = sourcecode.cpp.h; path = MyDirector.hpp; sourceTree = "<group>"; };
		14F9EFC81FD79B7E00EAF6E1 /* Mine.hpp */ = {isa = PBXFileReference; lastKnownFileType = sourcecode.cpp.h; path = Mine.hpp; sourceTree = "<group>"; };
		25A889821FDD12E10078F455 /* MyTimerManager.cpp */ = {isa = PBXFileReference; fileEncoding = 4; lastKnownFileType = sourcecode.cpp.cpp; path = MyTimerManager.cpp; sourceTree = "<group>"; };
		25A889831FDD12E10078F455 /* MyTimerManager.hpp */ = {isa = PBXFileReference; fileEncoding = 4; lastKnownFileType = sourcecode.cpp.h; path = MyTimerManager.hpp; sourceTree = "<group>"; };
/* End PBXFileReference section */

/* Begin PBXFrameworksBuildPhase section */
		1401E5DD1FCC0AE500D83812 /* Frameworks */ = {
			isa = PBXFrameworksBuildPhase;
			buildActionMask = 2147483647;
			files = (
				1401E5FD1FCD007D00D83812 /* OpenGL.framework in Frameworks */,
			);
			runOnlyForDeploymentPostprocessing = 0;
		};
/* End PBXFrameworksBuildPhase section */

/* Begin PBXGroup section */
		1401E5D71FCC0AE500D83812 = {
			isa = PBXGroup;
			children = (
				1401E5E21FCC0AE500D83812 /* Mine */,
				1401E5E11FCC0AE500D83812 /* Products */,
				1401E5FB1FCD007300D83812 /* Frameworks */,
			);
			sourceTree = "<group>";
		};
		1401E5E11FCC0AE500D83812 /* Products */ = {
			isa = PBXGroup;
			children = (
				1401E5E01FCC0AE500D83812 /* libMine.a */,
			);
			name = Products;
			sourceTree = "<group>";
		};
		1401E5E21FCC0AE500D83812 /* Mine */ = {
			isa = PBXGroup;
			children = (
				1464073B20E4C464008F17B5 /* mystructure */,
				1464073620E4C124008F17B5 /* myfile */,
				14C4977D20E20ECB00BA13C1 /* mymemory */,
				143B02BD20DCE7FA006CDD08 /* mymaterial */,
				1403C3B520D8FD2A000BD8E7 /* mydata */,
				146140A52004ABEE008D5247 /* myshading */,
				14E4A6701FF0F9550090973F /* myrender */,
				14EBA1201FDF8291007972D0 /* mymath */,
				14E6D0911FDE447000999ED6 /* myactor */,
				14E6D0AA1FDE7E1800999ED6 /* myactorcomponent */,
				14BBD6571FDA59F800EFBF0D /* myxml */,
				14EF00771FD69FD70048F4D5 /* MyDirector.hpp */,
				14EF00761FD69FD70048F4D5 /* MyDirector.cpp */,
				14E4A6691FF0A8920090973F /* MyScenario.hpp */,
				14E4A6681FF0A8920090973F /* MyScenario.cpp */,
				144349181FD13B20006DD6D2 /* MyAutoreleasePool.hpp */,
				144349171FD13B20006DD6D2 /* MyAutoreleasePool.cpp */,
				25A889831FDD12E10078F455 /* MyTimerManager.hpp */,
				25A889821FDD12E10078F455 /* MyTimerManager.cpp */,
				14AB95F31FDA78FF00CE8617 /* MyStringUtil.hpp */,
				14AB95F21FDA78FF00CE8617 /* MyStringUtil.cpp */,
				141A540C1FFB743C00D64180 /* MyModelGenerator.hpp */,
				141A540B1FFB743C00D64180 /* MyModelGenerator.cpp */,
				1401E5F21FCC0F0600D83812 /* MyPrecompiled.hpp */,
				1401E5F41FCC13BD00D83812 /* MyErrorDesc.hpp */,
				1401E5F31FCC13BC00D83812 /* MyErrorDesc.cpp */,
				14B24D931FCEAD9900121A65 /* MyTemplate.hpp */,
				144349041FD103CC006DD6D2 /* MyRenderer.hpp */,
				144349031FD103CC006DD6D2 /* MyRenderer.cpp */,
				1443490C1FD12BB3006DD6D2 /* MyObject.hpp */,
				1443490B1FD12BB3006DD6D2 /* MyObject.cpp */,
				14F9EFC81FD79B7E00EAF6E1 /* Mine.hpp */,
			);
			path = Mine;
			sourceTree = "<group>";
		};
		1401E5FB1FCD007300D83812 /* Frameworks */ = {
			isa = PBXGroup;
			children = (
				1401E5FC1FCD007300D83812 /* OpenGL.framework */,
			);
			name = Frameworks;
			sourceTree = "<group>";
		};
		1403C3B520D8FD2A000BD8E7 /* mydata */ = {
			isa = PBXGroup;
			children = (
				1403C3B720D8FD63000BD8E7 /* MyData.hpp */,
				1403C3B620D8FD63000BD8E7 /* MyData.cpp */,
			);
			path = mydata;
			sourceTree = "<group>";
		};
		143B02BD20DCE7FA006CDD08 /* mymaterial */ = {
			isa = PBXGroup;
			children = (
				143B02BF20DCE83B006CDD08 /* MyMaterial.hpp */,
				143B02BE20DCE83B006CDD08 /* MyMaterial.cpp */,
				143B02C320DCEB4D006CDD08 /* MyTexture.hpp */,
				143B02C220DCEB4D006CDD08 /* MyTexture.cpp */,
			);
			path = mymaterial;
			sourceTree = "<group>";
		};
		146140A52004ABEE008D5247 /* myshading */ = {
			isa = PBXGroup;
			children = (
				1401E5F81FCCFC6600D83812 /* MyShader.hpp */,
				1401E5F71FCCFC6600D83812 /* MyShader.cpp */,
				1401E5FF1FCD11EA00D83812 /* MyProgram.hpp */,
				1401E5FE1FCD11EA00D83812 /* MyProgram.cpp */,
				1451AAD41FD8F1FB007D9335 /* MyShadingManager.hpp */,
				1451AAD31FD8F1FB007D9335 /* MyShadingManager.cpp */,
				14B24D8F1FCEAC4800121A65 /* MyVertexArrayObject.hpp */,
				14B24D8E1FCEAC4800121A65 /* MyVertexArrayObject.cpp */,
				144349001FCEBA61006DD6D2 /* MyBufferObject.hpp */,
				144348FF1FCEBA61006DD6D2 /* MyBufferObject.cpp */,
			);
			path = myshading;
			sourceTree = "<group>";
		};
		1464073620E4C124008F17B5 /* myfile */ = {
			isa = PBXGroup;
			children = (
				1464073820E4C14E008F17B5 /* MyFileManager.hpp */,
				1464073720E4C14E008F17B5 /* MyFileManager.cpp */,
				1464074120E4E42C008F17B5 /* MyFileStream.hpp */,
				1464074020E4E42C008F17B5 /* MyFileStream.cpp */,
			);
			path = myfile;
			sourceTree = "<group>";
		};
		1464073B20E4C464008F17B5 /* mystructure */ = {
			isa = PBXGroup;
			children = (
				1464073D20E4C50D008F17B5 /* MyArray.hpp */,
				1464073C20E4C50D008F17B5 /* MyArray.inl */,
			);
			path = mystructure;
			sourceTree = "<group>";
		};
		14BBD6571FDA59F800EFBF0D /* myxml */ = {
			isa = PBXGroup;
			children = (
				14BBD6591FDA5A3A00EFBF0D /* MyXMLDocument.hpp */,
				14BBD6581FDA5A3A00EFBF0D /* MyXMLDocument.cpp */,
				14BBD65D1FDA655300EFBF0D /* MyXMLNode.hpp */,
				14BBD65C1FDA655300EFBF0D /* MyXMLNode.cpp */,
			);
			path = myxml;
			sourceTree = "<group>";
		};
		14C4977D20E20ECB00BA13C1 /* mymemory */ = {
			isa = PBXGroup;
			children = (
				14C4977F20E20EEE00BA13C1 /* MyMemoryBlock.hpp */,
				14C4977E20E20EEE00BA13C1 /* MyMemoryBlock.cpp */,
				14C4978320E2155800BA13C1 /* MyMemoryObject.hpp */,
				14C4978220E2155800BA13C1 /* MyMemoryObject.cpp */,
				14C4978720E32AB800BA13C1 /* MyMemoryManager.hpp */,
				14C4978620E32AB800BA13C1 /* MyMemoryManager.cpp */,
			);
			path = mymemory;
			sourceTree = "<group>";
		};
		14E4A6701FF0F9550090973F /* myrender */ = {
			isa = PBXGroup;
			children = (
				14E4A6721FF0F9D20090973F /* MyVertexAttribute.hpp */,
				14E4A6711FF0F9D20090973F /* MyVertexAttribute.cpp */,
				14E4A6761FF3503D0090973F /* MyVertexAttributeManager.hpp */,
				14E4A6751FF3503D0090973F /* MyVertexAttributeManager.cpp */,
			);
			path = myrender;
			sourceTree = "<group>";
		};
		14E6D0911FDE447000999ED6 /* myactor */ = {
			isa = PBXGroup;
			children = (
				14E6D0A31FDE6F4F00999ED6 /* MyActor.hpp */,
				14E6D0A21FDE6F4F00999ED6 /* MyActor.cpp */,
				141A54181FFCE58C00D64180 /* MyLightActor.hpp */,
				141A54171FFCE58C00D64180 /* MyLightActor.cpp */,
				14EBA1261FDFAAA6007972D0 /* MyPointLight.hpp */,
				14EBA1251FDFAAA6007972D0 /* MyPointLight.cpp */,
				14EBA12A1FDFAFD7007972D0 /* MyDirectionalLight.hpp */,
				14EBA1291FDFAFD7007972D0 /* MyDirectionalLight.cpp */,
				14EBA12E1FDFB170007972D0 /* MySpotLight.hpp */,
				14EBA12D1FDFB170007972D0 /* MySpotLight.cpp */,
			);
			path = myactor;
			sourceTree = "<group>";
		};
		14E6D0AA1FDE7E1800999ED6 /* myactorcomponent */ = {
			isa = PBXGroup;
			children = (
				14E6D0AC1FDE7E4400999ED6 /* MyActorComponent.hpp */,
				14E6D0AB1FDE7E4400999ED6 /* MyActorComponent.cpp */,
				14E4A66D1FF0D4CB0090973F /* MyTransformComponent.hpp */,
				14ED9B7B20455FB3008091F9 /* MyTransformComponent.cpp */,
				14E6D0B01FDE854100999ED6 /* MyMaterialComponent.hpp */,
				14E6D0AF1FDE854100999ED6 /* MyMaterialComponent.cpp */,
				14E6D0B41FDE894500999ED6 /* MyLightComponent.hpp */,
				14E6D0B31FDE894500999ED6 /* MyLightComponent.cpp */,
				14E6D0B81FDE8AA900999ED6 /* MyPointLightComponent.hpp */,
				14E6D0B71FDE8AA900999ED6 /* MyPointLightComponent.cpp */,
				14EBA1191FDF8021007972D0 /* MyDirectionalLightComponent.hpp */,
				14EBA1181FDF8021007972D0 /* MyDirectionalLightComponent.cpp */,
				14EBA11D1FDF816C007972D0 /* MySpotLightComponent.hpp */,
				14EBA11C1FDF816C007972D0 /* MySpotLightComponent.cpp */,
				14EBA1321FDFB7CC007972D0 /* MyModelComponent.hpp */,
				14EBA1311FDFB7CC007972D0 /* MyModelComponent.cpp */,
			);
			path = myactorcomponent;
			sourceTree = "<group>";
		};
		14EBA1201FDF8291007972D0 /* mymath */ = {
			isa = PBXGroup;
			children = (
				14EBA1221FDF82A7007972D0 /* MyMathUtil.hpp */,
				14EBA1211FDF82A7007972D0 /* MyMathUtil.cpp */,
				146140A72004C119008D5247 /* MyMathMatrix.hpp */,
				147F2B002006061300FD02EB /* MyMathMatrix.inl */,
				148A10A1203FC128009895D7 /* MyMatrix.hpp */,
				148A10A0203FC128009895D7 /* MyMatrix.inl */,
				149E1F3F2043BAF800173503 /* MyMatrix.cpp */,
				148A10A6203FEC45009895D7 /* MyVector.hpp */,
				148A10A9203FF956009895D7 /* MyVector.inl */,
				149E1F3D2043BA2700173503 /* MyVector.cpp */,
				14ED9B7820451EDE008091F9 /* MyPlane.hpp */,
				14ED9B7720451EDE008091F9 /* MyPlane.inl */,
				144504B520440E8B00ED0319 /* MyCoordinate.hpp */,
				144504B420440E8B00ED0319 /* MyCoordinate.inl */,
				146CE1DC204808F400DAF1E1 /* MyQuaternion.hpp */,
				146CE1DB204808F400DAF1E1 /* MyQuaternion.inl */,
				146B9CDA204156BC007A4F59 /* MyTransformation.hpp */,
				146B9CD9204156BC007A4F59 /* MyTransformation.inl */,
			);
			path = mymath;
			sourceTree = "<group>";
		};
/* End PBXGroup section */

/* Begin PBXHeadersBuildPhase section */
		1401E5DE1FCC0AE500D83812 /* Headers */ = {
			isa = PBXHeadersBuildPhase;
			buildActionMask = 2147483647;
			files = (
				14EBA12C1FDFAFD7007972D0 /* MyDirectionalLight.hpp in Headers */,
				146140A92004C119008D5247 /* MyMathMatrix.hpp in Headers */,
				143B02C520DCEB4D006CDD08 /* MyTexture.hpp in Headers */,
				14EBA1281FDFAAA6007972D0 /* MyPointLight.hpp in Headers */,
				14F9EFC91FD79B9D00EAF6E1 /* Mine.hpp in Headers */,
				14EF00791FD69FD70048F4D5 /* MyDirector.hpp in Headers */,
				14C4978520E2155800BA13C1 /* MyMemoryObject.hpp in Headers */,
				1443490E1FD12BB3006DD6D2 /* MyObject.hpp in Headers */,
				1443491A1FD13B20006DD6D2 /* MyAutoreleasePool.hpp in Headers */,
				148A10A8203FEC45009895D7 /* MyVector.hpp in Headers */,
				14EBA11F1FDF816C007972D0 /* MySpotLightComponent.hpp in Headers */,
				14E4A6781FF3503D0090973F /* MyVertexAttributeManager.hpp in Headers */,
				1401E6011FCD11EA00D83812 /* MyProgram.hpp in Headers */,
				141A540E1FFB743C00D64180 /* MyModelGenerator.hpp in Headers */,
				1401E5F61FCC13BD00D83812 /* MyErrorDesc.hpp in Headers */,
				1451AAD61FD8F1FB007D9335 /* MyShadingManager.hpp in Headers */,
				14EBA11B1FDF8021007972D0 /* MyDirectionalLightComponent.hpp in Headers */,
				14EBA1241FDF82A7007972D0 /* MyMathUtil.hpp in Headers */,
				14C4978920E32AB800BA13C1 /* MyMemoryManager.hpp in Headers */,
				14EBA1301FDFB170007972D0 /* MySpotLight.hpp in Headers */,
				14B24D911FCEAC4800121A65 /* MyVertexArrayObject.hpp in Headers */,
				25A889851FDD12E10078F455 /* MyTimerManager.hpp in Headers */,
				1464073A20E4C14E008F17B5 /* MyFileManager.hpp in Headers */,
				148A10A3203FC128009895D7 /* MyMatrix.hpp in Headers */,
				14E4A66F1FF0D4CB0090973F /* MyTransformComponent.hpp in Headers */,
				14E6D0AE1FDE7E4400999ED6 /* MyActorComponent.hpp in Headers */,
				14E4A6741FF0F9D20090973F /* MyVertexAttribute.hpp in Headers */,
				14ED9B7A20451EDE008091F9 /* MyPlane.hpp in Headers */,
				146B9CDC204156BC007A4F59 /* MyTransformation.hpp in Headers */,
				141A541A1FFCE58C00D64180 /* MyLightActor.hpp in Headers */,
				14E6D0B61FDE894500999ED6 /* MyLightComponent.hpp in Headers */,
				14EBA1341FDFB7CC007972D0 /* MyModelComponent.hpp in Headers */,
				1401E5FA1FCCFC6600D83812 /* MyShader.hpp in Headers */,
				144504B720440E8B00ED0319 /* MyCoordinate.hpp in Headers */,
				14C4978120E20EEE00BA13C1 /* MyMemoryBlock.hpp in Headers */,
				143B02C120DCE83B006CDD08 /* MyMaterial.hpp in Headers */,
				14E6D0A51FDE6F4F00999ED6 /* MyActor.hpp in Headers */,
				14BBD65F1FDA655300EFBF0D /* MyXMLNode.hpp in Headers */,
				14E6D0B21FDE854100999ED6 /* MyMaterialComponent.hpp in Headers */,
				14E4A66B1FF0A8920090973F /* MyScenario.hpp in Headers */,
				1464074320E4E42C008F17B5 /* MyFileStream.hpp in Headers */,
				14AB95F51FDA78FF00CE8617 /* MyStringUtil.hpp in Headers */,
				144349061FD103CC006DD6D2 /* MyRenderer.hpp in Headers */,
				14BBD65B1FDA5A3A00EFBF0D /* MyXMLDocument.hpp in Headers */,
				1464073F20E4C50D008F17B5 /* MyArray.hpp in Headers */,
				14E6D0BA1FDE8AA900999ED6 /* MyPointLightComponent.hpp in Headers */,
				146CE1DE204808F400DAF1E1 /* MyQuaternion.hpp in Headers */,
				14B24D951FCEAD9900121A65 /* MyTemplate.hpp in Headers */,
				144349021FCEBA61006DD6D2 /* MyBufferObject.hpp in Headers */,
				1403C3B920D8FD63000BD8E7 /* MyData.hpp in Headers */,
			);
			runOnlyForDeploymentPostprocessing = 0;
		};
/* End PBXHeadersBuildPhase section */

/* Begin PBXNativeTarget section */
		1401E5DF1FCC0AE500D83812 /* Mine */ = {
			isa = PBXNativeTarget;
			buildConfigurationList = 1401E5EB1FCC0AE500D83812 /* Build configuration list for PBXNativeTarget "Mine" */;
			buildPhases = (
				1401E5DC1FCC0AE500D83812 /* Sources */,
				1401E5DD1FCC0AE500D83812 /* Frameworks */,
				1401E5DE1FCC0AE500D83812 /* Headers */,
			);
			buildRules = (
			);
			dependencies = (
			);
			name = Mine;
			productName = MyGLSL;
			productReference = 1401E5E01FCC0AE500D83812 /* libMine.a */;
			productType = "com.apple.product-type.library.static";
		};
/* End PBXNativeTarget section */

/* Begin PBXProject section */
		1401E5D81FCC0AE500D83812 /* Project object */ = {
			isa = PBXProject;
			attributes = {
				LastUpgradeCheck = 0910;
				ORGANIZATIONNAME = SangDesu;
				TargetAttributes = {
					1401E5DF1FCC0AE500D83812 = {
						CreatedOnToolsVersion = 9.1;
						ProvisioningStyle = Automatic;
					};
				};
			};
			buildConfigurationList = 1401E5DB1FCC0AE500D83812 /* Build configuration list for PBXProject "Mine" */;
			compatibilityVersion = "Xcode 8.0";
			developmentRegion = en;
			hasScannedForEncodings = 0;
			knownRegions = (
				en,
			);
			mainGroup = 1401E5D71FCC0AE500D83812;
			productRefGroup = 1401E5E11FCC0AE500D83812 /* Products */;
			projectDirPath = "";
			projectRoot = "";
			targets = (
				1401E5DF1FCC0AE500D83812 /* Mine */,
			);
		};
/* End PBXProject section */

/* Begin PBXSourcesBuildPhase section */
		1401E5DC1FCC0AE500D83812 /* Sources */ = {
			isa = PBXSourcesBuildPhase;
			buildActionMask = 2147483647;
			files = (
				149E1F402043BAF800173503 /* MyMatrix.cpp in Sources */,
				14E4A6771FF3503D0090973F /* MyVertexAttributeManager.cpp in Sources */,
				14ED9B7920451EDE008091F9 /* MyPlane.inl in Sources */,
				14B24D901FCEAC4800121A65 /* MyVertexArrayObject.cpp in Sources */,
				144504B620440E8B00ED0319 /* MyCoordinate.inl in Sources */,
				1464074220E4E42C008F17B5 /* MyFileStream.cpp in Sources */,
				146CE1DD204808F400DAF1E1 /* MyQuaternion.inl in Sources */,
				14E6D0A41FDE6F4F00999ED6 /* MyActor.cpp in Sources */,
				14ED9B7C20455FB3008091F9 /* MyTransformComponent.cpp in Sources */,
				14E6D0B51FDE894500999ED6 /* MyLightComponent.cpp in Sources */,
				1464073920E4C14E008F17B5 /* MyFileManager.cpp in Sources */,
				14EBA1231FDF82A7007972D0 /* MyMathUtil.cpp in Sources */,
				14EBA12F1FDFB170007972D0 /* MySpotLight.cpp in Sources */,
				141A54191FFCE58C00D64180 /* MyLightActor.cpp in Sources */,
				14BBD65A1FDA5A3A00EFBF0D /* MyXMLDocument.cpp in Sources */,
				14EBA11E1FDF816C007972D0 /* MySpotLightComponent.cpp in Sources */,
				144349011FCEBA61006DD6D2 /* MyBufferObject.cpp in Sources */,
				1401E6001FCD11EA00D83812 /* MyProgram.cpp in Sources */,
				1464073E20E4C50D008F17B5 /* MyArray.inl in Sources */,
				14EBA1271FDFAAA6007972D0 /* MyPointLight.cpp in Sources */,
				1401E5F51FCC13BD00D83812 /* MyErrorDesc.cpp in Sources */,
				25A889841FDD12E10078F455 /* MyTimerManager.cpp in Sources */,
				144349191FD13B20006DD6D2 /* MyAutoreleasePool.cpp in Sources */,
				14EBA1331FDFB7CC007972D0 /* MyModelComponent.cpp in Sources */,
				14EF00781FD69FD70048F4D5 /* MyDirector.cpp in Sources */,
				148A10A2203FC128009895D7 /* MyMatrix.inl in Sources */,
				149E1F3E2043BA2700173503 /* MyVector.cpp in Sources */,
				14E6D0B91FDE8AA900999ED6 /* MyPointLightComponent.cpp in Sources */,
				144349051FD103CC006DD6D2 /* MyRenderer.cpp in Sources */,
				14EBA12B1FDFAFD7007972D0 /* MyDirectionalLight.cpp in Sources */,
				14C4978420E2155800BA13C1 /* MyMemoryObject.cpp in Sources */,
				1403C3B820D8FD63000BD8E7 /* MyData.cpp in Sources */,
				14E6D0AD1FDE7E4400999ED6 /* MyActorComponent.cpp in Sources */,
				14E4A6731FF0F9D20090973F /* MyVertexAttribute.cpp in Sources */,
				1451AAD51FD8F1FB007D9335 /* MyShadingManager.cpp in Sources */,
				14AB95F41FDA78FF00CE8617 /* MyStringUtil.cpp in Sources */,
				14BBD65E1FDA655300EFBF0D /* MyXMLNode.cpp in Sources */,
				14C4978020E20EEE00BA13C1 /* MyMemoryBlock.cpp in Sources */,
				143B02C020DCE83B006CDD08 /* MyMaterial.cpp in Sources */,
				14E4A66A1FF0A8920090973F /* MyScenario.cpp in Sources */,
				14E6D0B11FDE854100999ED6 /* MyMaterialComponent.cpp in Sources */,
				146B9CDB204156BC007A4F59 /* MyTransformation.inl in Sources */,
				1401E5F91FCCFC6600D83812 /* MyShader.cpp in Sources */,
				1443490D1FD12BB3006DD6D2 /* MyObject.cpp in Sources */,
				143B02C420DCEB4D006CDD08 /* MyTexture.cpp in Sources */,
				141A540D1FFB743C00D64180 /* MyModelGenerator.cpp in Sources */,
				14EBA11A1FDF8021007972D0 /* MyDirectionalLightComponent.cpp in Sources */,
				14C4978820E32AB800BA13C1 /* MyMemoryManager.cpp in Sources */,
			);
			runOnlyForDeploymentPostprocessing = 0;
		};
/* End PBXSourcesBuildPhase section */

/* Begin XCBuildConfiguration section */
		1401E5E91FCC0AE500D83812 /* Debug */ = {
			isa = XCBuildConfiguration;
			buildSettings = {
				ALWAYS_SEARCH_USER_PATHS = NO;
				CLANG_ANALYZER_NONNULL = YES;
				CLANG_ANALYZER_NUMBER_OBJECT_CONVERSION = YES_AGGRESSIVE;
				CLANG_CXX_LANGUAGE_STANDARD = "gnu++14";
				CLANG_CXX_LIBRARY = "libc++";
				CLANG_ENABLE_MODULES = YES;
				CLANG_ENABLE_OBJC_ARC = YES;
				CLANG_WARN_BLOCK_CAPTURE_AUTORELEASING = YES;
				CLANG_WARN_BOOL_CONVERSION = YES;
				CLANG_WARN_COMMA = YES;
				CLANG_WARN_CONSTANT_CONVERSION = YES;
				CLANG_WARN_DIRECT_OBJC_ISA_USAGE = YES_ERROR;
				CLANG_WARN_DOCUMENTATION_COMMENTS = YES;
				CLANG_WARN_EMPTY_BODY = YES;
				CLANG_WARN_ENUM_CONVERSION = YES;
				CLANG_WARN_INFINITE_RECURSION = YES;
				CLANG_WARN_INT_CONVERSION = YES;
				CLANG_WARN_NON_LITERAL_NULL_CONVERSION = YES;
				CLANG_WARN_OBJC_LITERAL_CONVERSION = YES;
				CLANG_WARN_OBJC_ROOT_CLASS = YES_ERROR;
				CLANG_WARN_RANGE_LOOP_ANALYSIS = YES;
				CLANG_WARN_STRICT_PROTOTYPES = YES;
				CLANG_WARN_SUSPICIOUS_MOVE = YES;
				CLANG_WARN_UNGUARDED_AVAILABILITY = YES_AGGRESSIVE;
				CLANG_WARN_UNREACHABLE_CODE = YES;
				CLANG_WARN__DUPLICATE_METHOD_MATCH = YES;
				CODE_SIGN_IDENTITY = "Mac Developer";
				COPY_PHASE_STRIP = NO;
				DEBUG_INFORMATION_FORMAT = dwarf;
				ENABLE_STRICT_OBJC_MSGSEND = YES;
				ENABLE_TESTABILITY = YES;
				GCC_C_LANGUAGE_STANDARD = gnu11;
				GCC_DYNAMIC_NO_PIC = NO;
				GCC_NO_COMMON_BLOCKS = YES;
				GCC_OPTIMIZATION_LEVEL = 0;
				GCC_PREPROCESSOR_DEFINITIONS = (
					"DEBUG=1",
					"$(inherited)",
				);
				GCC_WARN_64_TO_32_BIT_CONVERSION = YES;
				GCC_WARN_ABOUT_RETURN_TYPE = YES_ERROR;
				GCC_WARN_UNDECLARED_SELECTOR = YES;
				GCC_WARN_UNINITIALIZED_AUTOS = YES_AGGRESSIVE;
				GCC_WARN_UNUSED_FUNCTION = YES;
				GCC_WARN_UNUSED_VARIABLE = YES;
				MACOSX_DEPLOYMENT_TARGET = 10.11;
				MTL_ENABLE_DEBUG_INFO = YES;
				ONLY_ACTIVE_ARCH = YES;
				SDKROOT = macosx;
			};
			name = Debug;
		};
		1401E5EA1FCC0AE500D83812 /* Release */ = {
			isa = XCBuildConfiguration;
			buildSettings = {
				ALWAYS_SEARCH_USER_PATHS = NO;
				CLANG_ANALYZER_NONNULL = YES;
				CLANG_ANALYZER_NUMBER_OBJECT_CONVERSION = YES_AGGRESSIVE;
				CLANG_CXX_LANGUAGE_STANDARD = "gnu++14";
				CLANG_CXX_LIBRARY = "libc++";
				CLANG_ENABLE_MODULES = YES;
				CLANG_ENABLE_OBJC_ARC = YES;
				CLANG_WARN_BLOCK_CAPTURE_AUTORELEASING = YES;
				CLANG_WARN_BOOL_CONVERSION = YES;
				CLANG_WARN_COMMA = YES;
				CLANG_WARN_CONSTANT_CONVERSION = YES;
				CLANG_WARN_DIRECT_OBJC_ISA_USAGE = YES_ERROR;
				CLANG_WARN_DOCUMENTATION_COMMENTS = YES;
				CLANG_WARN_EMPTY_BODY = YES;
				CLANG_WARN_ENUM_CONVERSION = YES;
				CLANG_WARN_INFINITE_RECURSION = YES;
				CLANG_WARN_INT_CONVERSION = YES;
				CLANG_WARN_NON_LITERAL_NULL_CONVERSION = YES;
				CLANG_WARN_OBJC_LITERAL_CONVERSION = YES;
				CLANG_WARN_OBJC_ROOT_CLASS = YES_ERROR;
				CLANG_WARN_RANGE_LOOP_ANALYSIS = YES;
				CLANG_WARN_STRICT_PROTOTYPES = YES;
				CLANG_WARN_SUSPICIOUS_MOVE = YES;
				CLANG_WARN_UNGUARDED_AVAILABILITY = YES_AGGRESSIVE;
				CLANG_WARN_UNREACHABLE_CODE = YES;
				CLANG_WARN__DUPLICATE_METHOD_MATCH = YES;
				CODE_SIGN_IDENTITY = "Mac Developer";
				COPY_PHASE_STRIP = NO;
				DEBUG_INFORMATION_FORMAT = "dwarf-with-dsym";
				ENABLE_NS_ASSERTIONS = NO;
				ENABLE_STRICT_OBJC_MSGSEND = YES;
				GCC_C_LANGUAGE_STANDARD = gnu11;
				GCC_NO_COMMON_BLOCKS = YES;
				GCC_WARN_64_TO_32_BIT_CONVERSION = YES;
				GCC_WARN_ABOUT_RETURN_TYPE = YES_ERROR;
				GCC_WARN_UNDECLARED_SELECTOR = YES;
				GCC_WARN_UNINITIALIZED_AUTOS = YES_AGGRESSIVE;
				GCC_WARN_UNUSED_FUNCTION = YES;
				GCC_WARN_UNUSED_VARIABLE = YES;
				MACOSX_DEPLOYMENT_TARGET = 10.11;
				MTL_ENABLE_DEBUG_INFO = NO;
				SDKROOT = macosx;
			};
			name = Release;
		};
		1401E5EC1FCC0AE500D83812 /* Debug */ = {
			isa = XCBuildConfiguration;
			buildSettings = {
				CLANG_CXX_LANGUAGE_STANDARD = "gnu++17";
				CODE_SIGN_STYLE = Automatic;
				DEVELOPMENT_TEAM = P5QERNN666;
				EXECUTABLE_PREFIX = lib;
				GCC_ENABLE_CPP_EXCEPTIONS = YES;
				GCC_ENABLE_CPP_RTTI = YES;
				GCC_PREPROCESSOR_DEFINITIONS = (
					"DEBUG=1",
					"ENABLE_TEMPLATE_META=1",
					"$(inherited)",
					MINE_DEBUG,
				);
				HEADER_SEARCH_PATHS = /usr/local/include;
				LIBRARY_SEARCH_PATHS = /usr/local/lib;
				OTHER_LDFLAGS = "-lglfw3";
				PRODUCT_NAME = "$(TARGET_NAME)";
			};
			name = Debug;
		};
		1401E5ED1FCC0AE500D83812 /* Release */ = {
			isa = XCBuildConfiguration;
			buildSettings = {
				CLANG_CXX_LANGUAGE_STANDARD = "gnu++17";
				CODE_SIGN_STYLE = Automatic;
				DEVELOPMENT_TEAM = P5QERNN666;
				EXECUTABLE_PREFIX = lib;
				GCC_ENABLE_CPP_EXCEPTIONS = YES;
				GCC_ENABLE_CPP_RTTI = YES;
				GCC_PREPROCESSOR_DEFINITIONS = "ENABLE_TEMPLATE_META=1";
				HEADER_SEARCH_PATHS = /usr/local/include;
				LIBRARY_SEARCH_PATHS = /usr/local/lib;
				OTHER_LDFLAGS = "-lglfw3";
				PRODUCT_NAME = "$(TARGET_NAME)";
			};
			name = Release;
		};
/* End XCBuildConfiguration section */

/* Begin XCConfigurationList section */
		1401E5DB1FCC0AE500D83812 /* Build configuration list for PBXProject "Mine" */ = {
			isa = XCConfigurationList;
			buildConfigurations = (
				1401E5E91FCC0AE500D83812 /* Debug */,
				1401E5EA1FCC0AE500D83812 /* Release */,
			);
			defaultConfigurationIsVisible = 0;
			defaultConfigurationName = Release;
		};
		1401E5EB1FCC0AE500D83812 /* Build configuration list for PBXNativeTarget "Mine" */ = {
			isa = XCConfigurationList;
			buildConfigurations = (
				1401E5EC1FCC0AE500D83812 /* Debug */,
				1401E5ED1FCC0AE500D83812 /* Release */,
			);
			defaultConfigurationIsVisible = 0;
			defaultConfigurationName = Release;
		};
/* End XCConfigurationList section */
	};
	rootObject = 1401E5D81FCC0AE500D83812 /* Project object */;
}
